
Microsoft Visual Studio Solution File, Format Version 12.00
# Visual Studio Version 16
VisualStudioVersion = 16.0.30128.74
MinimumVisualStudioVersion = 10.0.40219.1
Project("{FAE04EC0-301F-11D3-BF4B-00C04F79EFBC}") = "Blackjack", "Blackjack.csproj", "{14D9E353-3080-4AED-9B5D-92EFC2513A14}"
EndProject
Global
	GlobalSection(SolutionConfigurationPlatforms) = preSolution
		Debug|Any CPU = Debug|Any CPU
		Release|Any CPU = Release|Any CPU
	EndGlobalSection
	GlobalSection(ProjectConfigurationPlatforms) = postSolution
		{14D9E353-3080-4AED-9B5D-92EFC2513A14}.Debug|Any CPU.ActiveCfg = Debug|Any CPU
		{14D9E353-3080-4AED-9B5D-92EFC2513A14}.Debug|Any CPU.Build.0 = Debug|Any CPU
		{14D9E353-3080-4AED-9B5D-92EFC2513A14}.Release|Any CPU.ActiveCfg = Release|Any CPU
		{14D9E353-3080-4AED-9B5D-92EFC2513A14}.Release|Any CPU.Build.0 = Release|Any CPU
	EndGlobalSection
	GlobalSection(SolutionProperties) = preSolution
		HideSolutionNode = FALSE
	EndGlobalSection
	GlobalSection(ExtensibilityGlobals) = postSolution
		SolutionGuid = {637617B3-5080-43D5-8A0F-CF81B763BBB5}
	EndGlobalSection
EndGlobal
